
Microsoft Visual Studio Solution File, Format Version 12.00
# Visual Studio Version 17
VisualStudioVersion = 17.5.33516.290
MinimumVisualStudioVersion = 10.0.40219.1
Project("{FAE04EC0-301F-11D3-BF4B-00C04F79EFBC}") = "Week2", "Week2\Week2.csproj", "{8DE9DA23-CD04-4809-ACC4-A02B50947836}"
EndProject
Project("{FAE04EC0-301F-11D3-BF4B-00C04F79EFBC}") = "UserGenderValidation", "UserAgeValidation\UserGenderValidation.csproj", "{8A674D33-7323-4E0B-A790-49B2DE2EA5E8}"
EndProject
Project("{FAE04EC0-301F-11D3-BF4B-00C04F79EFBC}") = "UserAgeValidation1", "UserAgeValidation1\UserAgeValidation1.csproj", "{5E87690C-D96E-4579-B895-2738427F295F}"
EndProject
Global
	GlobalSection(SolutionConfigurationPlatforms) = preSolution
		Debug|Any CPU = Debug|Any CPU
		Release|Any CPU = Release|Any CPU
	EndGlobalSection
	GlobalSection(ProjectConfigurationPlatforms) = postSolution
		{8DE9DA23-CD04-4809-ACC4-A02B50947836}.Debug|Any CPU.ActiveCfg = Debug|Any CPU
		{8DE9DA23-CD04-4809-ACC4-A02B50947836}.Debug|Any CPU.Build.0 = Debug|Any CPU
		{8DE9DA23-CD04-4809-ACC4-A02B50947836}.Release|Any CPU.ActiveCfg = Release|Any CPU
		{8DE9DA23-CD04-4809-ACC4-A02B50947836}.Release|Any CPU.Build.0 = Release|Any CPU
		{8A674D33-7323-4E0B-A790-49B2DE2EA5E8}.Debug|Any CPU.ActiveCfg = Debug|Any CPU
		{8A674D33-7323-4E0B-A790-49B2DE2EA5E8}.Debug|Any CPU.Build.0 = Debug|Any CPU
		{8A674D33-7323-4E0B-A790-49B2DE2EA5E8}.Release|Any CPU.ActiveCfg = Release|Any CPU
		{8A674D33-7323-4E0B-A790-49B2DE2EA5E8}.Release|Any CPU.Build.0 = Release|Any CPU
		{5E87690C-D96E-4579-B895-2738427F295F}.Debug|Any CPU.ActiveCfg = Debug|Any CPU
		{5E87690C-D96E-4579-B895-2738427F295F}.Debug|Any CPU.Build.0 = Debug|Any CPU
		{5E87690C-D96E-4579-B895-2738427F295F}.Release|Any CPU.ActiveCfg = Release|Any CPU
		{5E87690C-D96E-4579-B895-2738427F295F}.Release|Any CPU.Build.0 = Release|Any CPU
	EndGlobalSection
	GlobalSection(SolutionProperties) = preSolution
		HideSolutionNode = FALSE
	EndGlobalSection
	GlobalSection(ExtensibilityGlobals) = postSolution
		SolutionGuid = {803E4485-1EF0-4BA8-9FD4-F8586F974146}
	EndGlobalSection
EndGlobal
